{
  "version": "5",
  "redirects": {
    "https://esm.sh/@supabase/phoenix@^0.4.1?target=denonext": "https://esm.sh/@supabase/phoenix@0.4.1?target=denonext",
    "https://esm.sh/@supabase/supabase-js@2": "https://esm.sh/@supabase/supabase-js@2.105.3",
    "https://esm.sh/iceberg-js@^0.8.1?target=denonext": "https://esm.sh/iceberg-js@0.8.1?target=denonext"
  },
  "remote": {
    "https://esm.sh/@supabase/auth-js@2.105.3/denonext/auth-js.mjs": "bfb1af9e79103bf098fe4afbfeb67de52b54897e8b62a9e77700645e8a18b488",
    "https://esm.sh/@supabase/functions-js@2.105.3/denonext/functions-js.mjs": "a29633ee017ee24e5924418d9d5bda8356f135174b22d5e35803fde90bbb9ae8",
    "https://esm.sh/@supabase/phoenix@0.4.1/denonext/phoenix.mjs": "90a9f887b7a8e21d1928f4edd2aa62842b348f4dda81d79ded6ad70503ab14f8",
    "https://esm.sh/@supabase/phoenix@0.4.1?target=denonext": "d45f006997b634de18932bf86b45f0ca66c11e8b1de9cb34d48aa3fe80c65a43",
    "https://esm.sh/@supabase/postgrest-js@2.105.3/denonext/postgrest-js.mjs": "02730f72e0977bb5a631080db2ce1e6b471ec1913c04dae3b5185e4561091c67",
    "https://esm.sh/@supabase/realtime-js@2.105.3/denonext/realtime-js.mjs": "a792588b0d6ac9c300bbdfcec744d9056ed3aa638ed7e1d47b5017344108827a",
    "https://esm.sh/@supabase/storage-js@2.105.3/denonext/storage-js.mjs": "8927ab8f2444708e5b46da79e9a877f7ca573688e0530fb9643ec1870b250e31",
    "https://esm.sh/@supabase/supabase-js@2.105.3": "5a134c393ed588a62d398734c1af54ff1eab170090908bbaef624106b5201d41",
    "https://esm.sh/@supabase/supabase-js@2.105.3/denonext/supabase-js.mjs": "7bb99c07bca3461710323c4343f4eb6dcd728107b68d25cb7fff0783d6b8348b",
    "https://esm.sh/iceberg-js@0.8.1/denonext/iceberg-js.mjs": "d839d81a2e3966500ca2cdd0c1cb458e9608bacfc91f7bb67a69b2e878dcdb4f",
    "https://esm.sh/iceberg-js@0.8.1?target=denonext": "58c849d7fe2bf4eca4a84eb501e83c161a7d8c34ca1bec15a962b3bec3062633",
    "https://esm.sh/tslib@2.8.1/denonext/tslib.mjs": "c38da5dd6da6281964435002ce204cd586634fe3bdfb24a0ee116f48cf3292e9"
  },
  "workspace": {
    "dependencies": [
      "jsr:@supabase/functions-js@2"
    ]
  }
}
